
Microsoft Visual Studio Solution File, Format Version 12.00
# Visual Studio 15
Project("{FAE04EC0-301F-11D3-BF4B-00C04F79EFBC}") = "NextPipe", "NextPipe\NextPipe.csproj", "{76B5F2CD-AD49-4F8E-9C68-EFF233F7197E}"
EndProject
Project("{FAE04EC0-301F-11D3-BF4B-00C04F79EFBC}") = "NextPipe.Core", "NextPipe.Core\NextPipe.Core.csproj", "{92414C50-4791-454A-8092-BDB95409FA50}"
EndProject
Project("{FAE04EC0-301F-11D3-BF4B-00C04F79EFBC}") = "NextPipe.Persistence", "NextPipe.Persistence\NextPipe.Persistence.csproj", "{5A40ADF2-9FB1-4FAC-8C62-7650433ED122}"
EndProject
Global
	GlobalSection(SolutionConfigurationPlatforms) = preSolution
		Debug|Any CPU = Debug|Any CPU
		Release|Any CPU = Release|Any CPU
	EndGlobalSection
	GlobalSection(ProjectConfigurationPlatforms) = postSolution
		{76B5F2CD-AD49-4F8E-9C68-EFF233F7197E}.Debug|Any CPU.ActiveCfg = Debug|Any CPU
		{76B5F2CD-AD49-4F8E-9C68-EFF233F7197E}.Debug|Any CPU.Build.0 = Debug|Any CPU
		{76B5F2CD-AD49-4F8E-9C68-EFF233F7197E}.Release|Any CPU.ActiveCfg = Release|Any CPU
		{76B5F2CD-AD49-4F8E-9C68-EFF233F7197E}.Release|Any CPU.Build.0 = Release|Any CPU
		{92414C50-4791-454A-8092-BDB95409FA50}.Debug|Any CPU.ActiveCfg = Debug|Any CPU
		{92414C50-4791-454A-8092-BDB95409FA50}.Debug|Any CPU.Build.0 = Debug|Any CPU
		{92414C50-4791-454A-8092-BDB95409FA50}.Release|Any CPU.ActiveCfg = Release|Any CPU
		{92414C50-4791-454A-8092-BDB95409FA50}.Release|Any CPU.Build.0 = Release|Any CPU
		{5A40ADF2-9FB1-4FAC-8C62-7650433ED122}.Debug|Any CPU.ActiveCfg = Debug|Any CPU
		{5A40ADF2-9FB1-4FAC-8C62-7650433ED122}.Debug|Any CPU.Build.0 = Debug|Any CPU
		{5A40ADF2-9FB1-4FAC-8C62-7650433ED122}.Release|Any CPU.ActiveCfg = Release|Any CPU
		{5A40ADF2-9FB1-4FAC-8C62-7650433ED122}.Release|Any CPU.Build.0 = Release|Any CPU
	EndGlobalSection
EndGlobal
